
Microsoft Visual Studio Solution File, Format Version 12.00
# Visual Studio Version 16
VisualStudioVersion = 16.0.28917.182
MinimumVisualStudioVersion = 10.0.40219.1
Project("{9A19103F-16F7-4668-BE54-9A1E7A4F7556}") = "WhatsNewInNETCore3", "WhatsNewInNETCore3\WhatsNewInNETCore3.csproj", "{B8268C98-678A-485E-B54A-BE4996142D7B}"
EndProject
Project("{FAE04EC0-301F-11D3-BF4B-00C04F79EFBC}") = "Collatz.Service", "Collatz.Host\Collatz.Service.csproj", "{E4A0CA4D-3815-4895-85F1-F3E3DB49DE8A}"
EndProject
Project("{2150E333-8FDC-42A3-9474-1A3956D46DE8}") = "Solution Items", "Solution Items", "{8DAD7998-8D60-4C27-B0C2-7FE68D27E943}"
	ProjectSection(SolutionItems) = preProject
		Protos\collatz.proto = Protos\collatz.proto
	EndProjectSection
EndProject
Project("{FAE04EC0-301F-11D3-BF4B-00C04F79EFBC}") = "Collatz.Client", "Collatz.Client\Collatz.Client.csproj", "{F579182D-A7C3-44D6-A9B7-4228407DCA9C}"
EndProject
Global
	GlobalSection(SolutionConfigurationPlatforms) = preSolution
		Debug|Any CPU = Debug|Any CPU
		Release|Any CPU = Release|Any CPU
	EndGlobalSection
	GlobalSection(ProjectConfigurationPlatforms) = postSolution
		{B8268C98-678A-485E-B54A-BE4996142D7B}.Debug|Any CPU.ActiveCfg = Debug|Any CPU
		{B8268C98-678A-485E-B54A-BE4996142D7B}.Debug|Any CPU.Build.0 = Debug|Any CPU
		{B8268C98-678A-485E-B54A-BE4996142D7B}.Release|Any CPU.ActiveCfg = Release|Any CPU
		{B8268C98-678A-485E-B54A-BE4996142D7B}.Release|Any CPU.Build.0 = Release|Any CPU
		{E4A0CA4D-3815-4895-85F1-F3E3DB49DE8A}.Debug|Any CPU.ActiveCfg = Debug|Any CPU
		{E4A0CA4D-3815-4895-85F1-F3E3DB49DE8A}.Debug|Any CPU.Build.0 = Debug|Any CPU
		{E4A0CA4D-3815-4895-85F1-F3E3DB49DE8A}.Release|Any CPU.ActiveCfg = Release|Any CPU
		{E4A0CA4D-3815-4895-85F1-F3E3DB49DE8A}.Release|Any CPU.Build.0 = Release|Any CPU
		{F579182D-A7C3-44D6-A9B7-4228407DCA9C}.Debug|Any CPU.ActiveCfg = Debug|Any CPU
		{F579182D-A7C3-44D6-A9B7-4228407DCA9C}.Debug|Any CPU.Build.0 = Debug|Any CPU
		{F579182D-A7C3-44D6-A9B7-4228407DCA9C}.Release|Any CPU.ActiveCfg = Release|Any CPU
		{F579182D-A7C3-44D6-A9B7-4228407DCA9C}.Release|Any CPU.Build.0 = Release|Any CPU
	EndGlobalSection
	GlobalSection(SolutionProperties) = preSolution
		HideSolutionNode = FALSE
	EndGlobalSection
	GlobalSection(ExtensibilityGlobals) = postSolution
		SolutionGuid = {361BA652-55C7-4B2D-B756-153B65E939D4}
	EndGlobalSection
EndGlobal
